
Microsoft Visual Studio Solution File, Format Version 11.00
# Visual Studio 2010
Project("{F088123C-0E9E-452A-89E6-6BA2F21D5CAC}") = "AnalyseProjetCinema", "AnalyseProjetCinema.modelproj", "{93B46900-9656-40C8-9011-94AB3ADE9613}"
EndProject
Project("{FAE04EC0-301F-11D3-BF4B-00C04F79EFBC}") = "Cinema", "Cinema\Cinema.csproj", "{5666A624-4148-4AB1-A88D-1B7A0F50B1B0}"
EndProject
Project("{FAE04EC0-301F-11D3-BF4B-00C04F79EFBC}") = "CinemaForm", "CinemaForm\CinemaForm.csproj", "{09233499-7C7D-4906-8294-75ADF9A223D7}"
EndProject
Project("{FAE04EC0-301F-11D3-BF4B-00C04F79EFBC}") = "CinemaWPF", "..\CinemaWPF\CinemaWPF.csproj", "{39BD0435-BEC2-4860-A9E8-76763EDF7AC0}"
EndProject
Global
	GlobalSection(SolutionConfigurationPlatforms) = preSolution
		Debug|Any CPU = Debug|Any CPU
		Debug|Mixed Platforms = Debug|Mixed Platforms
		Debug|x86 = Debug|x86
		Release|Any CPU = Release|Any CPU
		Release|Mixed Platforms = Release|Mixed Platforms
		Release|x86 = Release|x86
	EndGlobalSection
	GlobalSection(ProjectConfigurationPlatforms) = postSolution
		{93B46900-9656-40C8-9011-94AB3ADE9613}.Debug|Any CPU.ActiveCfg = Debug|Any CPU
		{93B46900-9656-40C8-9011-94AB3ADE9613}.Debug|Any CPU.Build.0 = Debug|Any CPU
		{93B46900-9656-40C8-9011-94AB3ADE9613}.Debug|Mixed Platforms.ActiveCfg = Debug|Any CPU
		{93B46900-9656-40C8-9011-94AB3ADE9613}.Debug|Mixed Platforms.Build.0 = Debug|Any CPU
		{93B46900-9656-40C8-9011-94AB3ADE9613}.Debug|x86.ActiveCfg = Debug|Any CPU
		{93B46900-9656-40C8-9011-94AB3ADE9613}.Release|Any CPU.ActiveCfg = Release|Any CPU
		{93B46900-9656-40C8-9011-94AB3ADE9613}.Release|Any CPU.Build.0 = Release|Any CPU
		{93B46900-9656-40C8-9011-94AB3ADE9613}.Release|Mixed Platforms.ActiveCfg = Release|Any CPU
		{93B46900-9656-40C8-9011-94AB3ADE9613}.Release|Mixed Platforms.Build.0 = Release|Any CPU
		{93B46900-9656-40C8-9011-94AB3ADE9613}.Release|x86.ActiveCfg = Release|Any CPU
		{5666A624-4148-4AB1-A88D-1B7A0F50B1B0}.Debug|Any CPU.ActiveCfg = Debug|Any CPU
		{5666A624-4148-4AB1-A88D-1B7A0F50B1B0}.Debug|Any CPU.Build.0 = Debug|Any CPU
		{5666A624-4148-4AB1-A88D-1B7A0F50B1B0}.Debug|Mixed Platforms.ActiveCfg = Debug|Any CPU
		{5666A624-4148-4AB1-A88D-1B7A0F50B1B0}.Debug|Mixed Platforms.Build.0 = Debug|Any CPU
		{5666A624-4148-4AB1-A88D-1B7A0F50B1B0}.Debug|x86.ActiveCfg = Debug|Any CPU
		{5666A624-4148-4AB1-A88D-1B7A0F50B1B0}.Release|Any CPU.ActiveCfg = Release|Any CPU
		{5666A624-4148-4AB1-A88D-1B7A0F50B1B0}.Release|Any CPU.Build.0 = Release|Any CPU
		{5666A624-4148-4AB1-A88D-1B7A0F50B1B0}.Release|Mixed Platforms.ActiveCfg = Release|Any CPU
		{5666A624-4148-4AB1-A88D-1B7A0F50B1B0}.Release|Mixed Platforms.Build.0 = Release|Any CPU
		{5666A624-4148-4AB1-A88D-1B7A0F50B1B0}.Release|x86.ActiveCfg = Release|Any CPU
		{09233499-7C7D-4906-8294-75ADF9A223D7}.Debug|Any CPU.ActiveCfg = Debug|x86
		{09233499-7C7D-4906-8294-75ADF9A223D7}.Debug|Mixed Platforms.ActiveCfg = Debug|x86
		{09233499-7C7D-4906-8294-75ADF9A223D7}.Debug|Mixed Platforms.Build.0 = Debug|x86
		{09233499-7C7D-4906-8294-75ADF9A223D7}.Debug|x86.ActiveCfg = Debug|x86
		{09233499-7C7D-4906-8294-75ADF9A223D7}.Debug|x86.Build.0 = Debug|x86
		{09233499-7C7D-4906-8294-75ADF9A223D7}.Release|Any CPU.ActiveCfg = Release|x86
		{09233499-7C7D-4906-8294-75ADF9A223D7}.Release|Mixed Platforms.ActiveCfg = Release|x86
		{09233499-7C7D-4906-8294-75ADF9A223D7}.Release|Mixed Platforms.Build.0 = Release|x86
		{09233499-7C7D-4906-8294-75ADF9A223D7}.Release|x86.ActiveCfg = Release|x86
		{09233499-7C7D-4906-8294-75ADF9A223D7}.Release|x86.Build.0 = Release|x86
		{39BD0435-BEC2-4860-A9E8-76763EDF7AC0}.Debug|Any CPU.ActiveCfg = Debug|x86
		{39BD0435-BEC2-4860-A9E8-76763EDF7AC0}.Debug|Mixed Platforms.ActiveCfg = Debug|x86
		{39BD0435-BEC2-4860-A9E8-76763EDF7AC0}.Debug|Mixed Platforms.Build.0 = Debug|x86
		{39BD0435-BEC2-4860-A9E8-76763EDF7AC0}.Debug|x86.ActiveCfg = Debug|x86
		{39BD0435-BEC2-4860-A9E8-76763EDF7AC0}.Debug|x86.Build.0 = Debug|x86
		{39BD0435-BEC2-4860-A9E8-76763EDF7AC0}.Release|Any CPU.ActiveCfg = Release|x86
		{39BD0435-BEC2-4860-A9E8-76763EDF7AC0}.Release|Mixed Platforms.ActiveCfg = Release|x86
		{39BD0435-BEC2-4860-A9E8-76763EDF7AC0}.Release|Mixed Platforms.Build.0 = Release|x86
		{39BD0435-BEC2-4860-A9E8-76763EDF7AC0}.Release|x86.ActiveCfg = Release|x86
		{39BD0435-BEC2-4860-A9E8-76763EDF7AC0}.Release|x86.Build.0 = Release|x86
	EndGlobalSection
	GlobalSection(SolutionProperties) = preSolution
		HideSolutionNode = FALSE
	EndGlobalSection
EndGlobal
